
Microsoft Visual Studio Solution File, Format Version 12.00
# Visual Studio 15
VisualStudioVersion = 15.0.27130.2010
MinimumVisualStudioVersion = 10.0.40219.1
Project("{FAE04EC0-301F-11D3-BF4B-00C04F79EFBC}") = "29th dec", "29th dec\29th dec.csproj", "{5F00C7F7-A3C8-47C3-A529-B9E75493823E}"
EndProject
Global
	GlobalSection(SolutionConfigurationPlatforms) = preSolution
		Debug|Any CPU = Debug|Any CPU
		Release|Any CPU = Release|Any CPU
	EndGlobalSection
	GlobalSection(ProjectConfigurationPlatforms) = postSolution
		{5F00C7F7-A3C8-47C3-A529-B9E75493823E}.Debug|Any CPU.ActiveCfg = Debug|Any CPU
		{5F00C7F7-A3C8-47C3-A529-B9E75493823E}.Debug|Any CPU.Build.0 = Debug|Any CPU
		{5F00C7F7-A3C8-47C3-A529-B9E75493823E}.Release|Any CPU.ActiveCfg = Release|Any CPU
		{5F00C7F7-A3C8-47C3-A529-B9E75493823E}.Release|Any CPU.Build.0 = Release|Any CPU
	EndGlobalSection
	GlobalSection(SolutionProperties) = preSolution
		HideSolutionNode = FALSE
	EndGlobalSection
	GlobalSection(ExtensibilityGlobals) = postSolution
		SolutionGuid = {F021E29B-F7E4-4C68-AB60-C9DE14C26901}
	EndGlobalSection
EndGlobal
