
Microsoft Visual Studio Solution File, Format Version 12.00
# Visual Studio 15
VisualStudioVersion = 15.0.27130.2010
MinimumVisualStudioVersion = 10.0.40219.1
Project("{FAE04EC0-301F-11D3-BF4B-00C04F79EFBC}") = "MVC_Temp", "MVC_Temp\MVC_Temp.csproj", "{C018EA21-97F0-4934-BE06-8A3DFABECE66}"
EndProject
Global
	GlobalSection(SolutionConfigurationPlatforms) = preSolution
		Debug|Any CPU = Debug|Any CPU
		Release|Any CPU = Release|Any CPU
	EndGlobalSection
	GlobalSection(ProjectConfigurationPlatforms) = postSolution
		{C018EA21-97F0-4934-BE06-8A3DFABECE66}.Debug|Any CPU.ActiveCfg = Debug|Any CPU
		{C018EA21-97F0-4934-BE06-8A3DFABECE66}.Debug|Any CPU.Build.0 = Debug|Any CPU
		{C018EA21-97F0-4934-BE06-8A3DFABECE66}.Release|Any CPU.ActiveCfg = Release|Any CPU
		{C018EA21-97F0-4934-BE06-8A3DFABECE66}.Release|Any CPU.Build.0 = Release|Any CPU
	EndGlobalSection
	GlobalSection(SolutionProperties) = preSolution
		HideSolutionNode = FALSE
	EndGlobalSection
	GlobalSection(ExtensibilityGlobals) = postSolution
		SolutionGuid = {DD135064-6EDC-46DB-BEBF-BCE306B28996}
	EndGlobalSection
EndGlobal
