
Microsoft Visual Studio Solution File, Format Version 12.00
# Visual Studio 15
VisualStudioVersion = 15.0.27130.2010
MinimumVisualStudioVersion = 10.0.40219.1
Project("{FAE04EC0-301F-11D3-BF4B-00C04F79EFBC}") = "MVC_28THdec", "MVC_28THdec\MVC_28THdec.csproj", "{67141F60-971D-46B1-9A41-1B3F08BCD70B}"
EndProject
Global
	GlobalSection(SolutionConfigurationPlatforms) = preSolution
		Debug|Any CPU = Debug|Any CPU
		Release|Any CPU = Release|Any CPU
	EndGlobalSection
	GlobalSection(ProjectConfigurationPlatforms) = postSolution
		{67141F60-971D-46B1-9A41-1B3F08BCD70B}.Debug|Any CPU.ActiveCfg = Debug|Any CPU
		{67141F60-971D-46B1-9A41-1B3F08BCD70B}.Debug|Any CPU.Build.0 = Debug|Any CPU
		{67141F60-971D-46B1-9A41-1B3F08BCD70B}.Release|Any CPU.ActiveCfg = Release|Any CPU
		{67141F60-971D-46B1-9A41-1B3F08BCD70B}.Release|Any CPU.Build.0 = Release|Any CPU
	EndGlobalSection
	GlobalSection(SolutionProperties) = preSolution
		HideSolutionNode = FALSE
	EndGlobalSection
	GlobalSection(ExtensibilityGlobals) = postSolution
		SolutionGuid = {3F7EBD32-803E-4A5A-BFD5-B05D3975072B}
	EndGlobalSection
EndGlobal
